
Microsoft Visual Studio Solution File, Format Version 12.00
# Visual Studio 15
VisualStudioVersion = 15.0.28010.2050
MinimumVisualStudioVersion = 10.0.40219.1
Project("{FAE04EC0-301F-11D3-BF4B-00C04F79EFBC}") = "Welcome1", "Welcome1\Welcome1.csproj", "{31F470B0-3CA7-4FC2-8AE4-15A7853986BD}"
EndProject
Global
	GlobalSection(SolutionConfigurationPlatforms) = preSolution
		Debug|Any CPU = Debug|Any CPU
		Release|Any CPU = Release|Any CPU
	EndGlobalSection
	GlobalSection(ProjectConfigurationPlatforms) = postSolution
		{31F470B0-3CA7-4FC2-8AE4-15A7853986BD}.Debug|Any CPU.ActiveCfg = Debug|Any CPU
		{31F470B0-3CA7-4FC2-8AE4-15A7853986BD}.Debug|Any CPU.Build.0 = Debug|Any CPU
		{31F470B0-3CA7-4FC2-8AE4-15A7853986BD}.Release|Any CPU.ActiveCfg = Release|Any CPU
		{31F470B0-3CA7-4FC2-8AE4-15A7853986BD}.Release|Any CPU.Build.0 = Release|Any CPU
	EndGlobalSection
	GlobalSection(SolutionProperties) = preSolution
		HideSolutionNode = FALSE
	EndGlobalSection
	GlobalSection(ExtensibilityGlobals) = postSolution
		SolutionGuid = {CB7D5F66-F366-471B-AFF0-75FC2ACF5143}
	EndGlobalSection
EndGlobal
